<Solution>
  <Folder Name="/src/">
    <Project Path="src/AssetPipeline/Nexus.AssetPipeline.csproj" />
    <Project Path="src/Assets/Nexus.Assets.csproj" />
    <Project Path="src/Core/Nexus.Core.csproj" />
    <Project Path="src/Game/Nexus.Game.csproj" />
    <Project Path="src/Graphics/Nexus.Graphics.csproj" />
    <Project Path="src/OpenGL/Nexus.Graphics.OpenGL.csproj" />
    <Project Path="src/Vulkan/Nexus.Graphics.Vulkan.csproj" />
    <Project Path="src/Audio/Nexus.Audio.csproj" />
    <Project Path="src/Input/Nexus.Input.csproj" />
    <Project Path="src/Physics/Nexus.Physics.csproj" />
    <Project Path="src/Network/Nexus.Network.csproj" />
    <Project Path="src/GUI/Nexus.GUI.csproj" />
    <Project Path="src/Platform/Nexus.Platform.csproj" />
    <Project Path="src/Runtime/Nexus.Runtime.csproj" />
    <Project Path="src/Testing/Nexus.Testing.csproj" />
  </Folder>
  <Folder Name="/tests/">
    <Project Path="tests/HelloNexus/HelloNexus.csproj" />
    <Project Path="tests/UnitTests/UnitTests.csproj" />
  </Folder>
</Solution>
